{
  "nodes": {
    "nixpkgs": {
      "locked": {
        "lastModified": 1735286948,
        "narHash": "sha256-JMRV2RI58nV1UqLXqm+lcea1/dr92fYjWU5S+Rz3fmE=",
        "rev": "31ac92f9628682b294026f0860e14587a09ffb4b",
        "revCount": 637386,
        "type": "tarball",
        "url": "https://api.flakehub.com/f/pinned/NixOS/nixpkgs/0.2405.637386%2Brev-31ac92f9628682b294026f0860e14587a09ffb4b/01940a28-1f3a-79d5-bd69-dabcad390bd1/source.tar.gz"
      },
      "original": {
        "type": "tarball",
        "url": "https://flakehub.com/f/NixOS/nixpkgs/0.2405.%2A"
      }
    },
    "root": {
      "inputs": {
        "nixpkgs": "nixpkgs"
      }
    }
  },
  "root": "root",
  "version": 7
}
