{
  "nodes": {
    "nixpkgs": {
      "locked": {
        "lastModified": 1741851582,
        "narHash": "sha256-cPfs8qMccim2RBgtKGF+x9IBCduRvd/N5F4nYpU0TVE=",
        "rev": "6607cf789e541e7873d40d3a8f7815ea92204f32",
        "revCount": 767267,
        "type": "tarball",
        "url": "https://api.flakehub.com/f/pinned/NixOS/nixpkgs/0.1.767267%2Brev-6607cf789e541e7873d40d3a8f7815ea92204f32/0195909e-b403-7725-bccb-07e3fbc79eb0/source.tar.gz"
      },
      "original": {
        "type": "tarball",
        "url": "https://flakehub.com/f/NixOS/nixpkgs/0.1.%2A.tar.gz"
      }
    },
    "root": {
      "inputs": {
        "nixpkgs": "nixpkgs",
        "rust-overlay": "rust-overlay"
      }
    },
    "rust-overlay": {
      "inputs": {
        "nixpkgs": [
          "nixpkgs"
        ]
      },
      "locked": {
        "lastModified": 1742005800,
        "narHash": "sha256-6wuOGWkyW6R4A6Th9NMi6WK2jjddvZt7V2+rLPk6L3o=",
        "owner": "oxalica",
        "repo": "rust-overlay",
        "rev": "028cd247a6375f83b94adc33d83676480fc9c294",
        "type": "github"
      },
      "original": {
        "owner": "oxalica",
        "repo": "rust-overlay",
        "type": "github"
      }
    }
  },
  "root": "root",
  "version": 7
}
